
Microsoft Visual Studio Solution File, Format Version 12.00
# Visual Studio Version 16
VisualStudioVersion = 16.0.29613.14
MinimumVisualStudioVersion = 10.0.40219.1
Project("{FAE04EC0-301F-11D3-BF4B-00C04F79EFBC}") = "Invoice Total", "Invoice Total\Invoice Total.csproj", "{0824A791-00B1-47E7-9884-A6ABD547023E}"
EndProject
Global
	GlobalSection(SolutionConfigurationPlatforms) = preSolution
		Debug|Any CPU = Debug|Any CPU
		Release|Any CPU = Release|Any CPU
	EndGlobalSection
	GlobalSection(ProjectConfigurationPlatforms) = postSolution
		{0824A791-00B1-47E7-9884-A6ABD547023E}.Debug|Any CPU.ActiveCfg = Debug|Any CPU
		{0824A791-00B1-47E7-9884-A6ABD547023E}.Debug|Any CPU.Build.0 = Debug|Any CPU
		{0824A791-00B1-47E7-9884-A6ABD547023E}.Release|Any CPU.ActiveCfg = Release|Any CPU
		{0824A791-00B1-47E7-9884-A6ABD547023E}.Release|Any CPU.Build.0 = Release|Any CPU
	EndGlobalSection
	GlobalSection(SolutionProperties) = preSolution
		HideSolutionNode = FALSE
	EndGlobalSection
	GlobalSection(ExtensibilityGlobals) = postSolution
		SolutionGuid = {B632DFD3-1319-4F10-AD63-0276F5A739FE}
	EndGlobalSection
EndGlobal
